<?xml version="1.0" encoding="UTF-8"?>
<Scheme
   LastUpgradeVersion = "1420"
   version = "1.7">
   <BuildAction
      parallelizeBuildables = "YES"
      buildImplicitDependencies = "YES">
      <PreActions>
         <ExecutionAction
            ActionType = "Xcode.IDEStandardExecutionActionsCore.ExecutionActionType.ShellScriptAction">
            <ActionContent
               title = "Run Script"
               scriptText = "/Users/lefteris/.nvm/versions/node/v18.15.0/bin/node &quot;${PROJECT_DIR}/../scripts/copyAssets.js&quot; --wl=2xl --p=ios&#10;cp &quot;${PROJECT_DIR}/../.env.2xl&quot; &quot;${PROJECT_DIR}/../.env&quot;&#10;&#10;">
               <EnvironmentBuildable>
                  <BuildableReference
                     BuildableIdentifier = "primary"
                     BlueprintIdentifier = "13B07F861A680F5B00A75B9A"
                     BuildableName = "btspeech.app"
                     BlueprintName = "btspeech"
                     ReferencedContainer = "container:btspeech.xcodeproj">
                  </BuildableReference>
               </EnvironmentBuildable>
            </ActionContent>
         </ExecutionAction>
         <ExecutionAction
            ActionType = "Xcode.IDEStandardExecutionActionsCore.ExecutionActionType.ShellScriptAction">
            <ActionContent
               title = "Run Script"
               scriptText = "&quot;${SRCROOT}/../node_modules/react-native-config/ios/ReactNativeConfig/BuildXCConfig.rb&quot; &quot;${SRCROOT}/..&quot; &quot;${SRCROOT}/tmp.xcconfig&quot;&#10;">
               <EnvironmentBuildable>
                  <BuildableReference
                     BuildableIdentifier = "primary"
                     BlueprintIdentifier = "13B07F861A680F5B00A75B9A"
                     BuildableName = "btspeech.app"
                     BlueprintName = "btspeech"
                     ReferencedContainer = "container:btspeech.xcodeproj">
                  </BuildableReference>
               </EnvironmentBuildable>
            </ActionContent>
         </ExecutionAction>
      </PreActions>
      <BuildActionEntries>
         <BuildActionEntry
            buildForTesting = "YES"
            buildForRunning = "YES"
            buildForProfiling = "YES"
            buildForArchiving = "YES"
            buildForAnalyzing = "YES">
            <BuildableReference
               BuildableIdentifier = "primary"
               BlueprintIdentifier = "13B07F861A680F5B00A75B9A"
               BuildableName = "btspeech.app"
               BlueprintName = "btspeech"
               ReferencedContainer = "container:btspeech.xcodeproj">
            </BuildableReference>
         </BuildActionEntry>
      </BuildActionEntries>
   </BuildAction>
   <TestAction
      buildConfiguration = "Debug"
      selectedDebuggerIdentifier = "Xcode.DebuggerFoundation.Debugger.LLDB"
      selectedLauncherIdentifier = "Xcode.DebuggerFoundation.Launcher.LLDB"
      shouldUseLaunchSchemeArgsEnv = "YES">
      <Testables>
         <TestableReference
            skipped = "NO">
            <BuildableReference
               BuildableIdentifier = "primary"
               BlueprintIdentifier = "00E356ED1AD99517003FC87E"
               BuildableName = "btspeechTests.xctest"
               BlueprintName = "btspeechTests"
               ReferencedContainer = "container:btspeech.xcodeproj">
            </BuildableReference>
         </TestableReference>
      </Testables>
   </TestAction>
   <LaunchAction
      buildConfiguration = "Release"
      selectedDebuggerIdentifier = "Xcode.DebuggerFoundation.Debugger.LLDB"
      selectedLauncherIdentifier = "Xcode.DebuggerFoundation.Launcher.LLDB"
      launchStyle = "0"
      useCustomWorkingDirectory = "NO"
      ignoresPersistentStateOnLaunch = "NO"
      debugDocumentVersioning = "YES"
      debugServiceExtension = "internal"
      allowLocationSimulation = "YES">
      <BuildableProductRunnable
         runnableDebuggingMode = "0">
         <BuildableReference
            BuildableIdentifier = "primary"
            BlueprintIdentifier = "13B07F861A680F5B00A75B9A"
            BuildableName = "btspeech.app"
            BlueprintName = "btspeech"
            ReferencedContainer = "container:btspeech.xcodeproj">
         </BuildableReference>
      </BuildableProductRunnable>
      <EnvironmentVariables>
         <EnvironmentVariable
            key = "PUBLIC_API_URL"
            value = "https://sage-sandbox-dev.d1s.xyz"
            isEnabled = "YES">
         </EnvironmentVariable>
         <EnvironmentVariable
            key = "PUBLIC_FIREBASE_API_KEY"
            value = "AIzaSyCfln0ui3cjmaZKANoa_pd3LkNOlx3WLEY"
            isEnabled = "YES">
         </EnvironmentVariable>
         <EnvironmentVariable
            key = "PUBLIC_FIREBASE_AUTH_DOMAIN"
            value = "prj-d1s-sandbox.firebaseapp.com"
            isEnabled = "YES">
         </EnvironmentVariable>
         <EnvironmentVariable
            key = "PUBLIC_FIREBASE_PROJECT_ID"
            value = "prj-d1s-sandbox"
            isEnabled = "YES">
         </EnvironmentVariable>
         <EnvironmentVariable
            key = "PUBLIC_FIREBASE_STORAGE_BUCKET"
            value = "prj-d1s-sandbox.appspot.com"
            isEnabled = "YES">
         </EnvironmentVariable>
         <EnvironmentVariable
            key = "PUBLIC_FIREBASE_MESSAGING_SENDER_ID"
            value = "1079695387518"
            isEnabled = "YES">
         </EnvironmentVariable>
         <EnvironmentVariable
            key = "PUBLIC_FIREBASE_APP_ID"
            value = "1:1079695387518:web:0175d28eafb6df6503212f"
            isEnabled = "YES">
         </EnvironmentVariable>
         <EnvironmentVariable
            key = "PUBLIC_WHITELABEL"
            value = "2-xl"
            isEnabled = "YES">
         </EnvironmentVariable>
         <EnvironmentVariable
            key = "PUBLIC_WHITELABEL_NAME"
            value = "2XL"
            isEnabled = "YES">
         </EnvironmentVariable>
      </EnvironmentVariables>
   </LaunchAction>
   <ProfileAction
      buildConfiguration = "Release"
      shouldUseLaunchSchemeArgsEnv = "YES"
      savedToolIdentifier = ""
      useCustomWorkingDirectory = "NO"
      debugDocumentVersioning = "YES">
      <BuildableProductRunnable
         runnableDebuggingMode = "0">
         <BuildableReference
            BuildableIdentifier = "primary"
            BlueprintIdentifier = "13B07F861A680F5B00A75B9A"
            BuildableName = "btspeech.app"
            BlueprintName = "btspeech"
            ReferencedContainer = "container:btspeech.xcodeproj">
         </BuildableReference>
      </BuildableProductRunnable>
   </ProfileAction>
   <AnalyzeAction
      buildConfiguration = "Debug">
   </AnalyzeAction>
   <ArchiveAction
      buildConfiguration = "Release"
      revealArchiveInOrganizer = "YES">
   </ArchiveAction>
</Scheme>
